
Microsoft Visual Studio Solution File, Format Version 12.00
# Visual Studio Version 16
VisualStudioVersion = 16.0.30804.86
MinimumVisualStudioVersion = 10.0.40219.1
Project("{FAE04EC0-301F-11D3-BF4B-00C04F79EFBC}") = "AppTarefas.UWP", "AppTarefas\AppTarefas.UWP\AppTarefas.UWP.csproj", "{EF013F28-04C7-4512-B63C-11C65793C14C}"
EndProject
Project("{FAE04EC0-301F-11D3-BF4B-00C04F79EFBC}") = "AppTarefas.Android", "AppTarefas\AppTarefas.Android\AppTarefas.Android.csproj", "{EC5B8A43-35A2-4E87-BFEF-0542E20EE103}"
EndProject
Project("{FAE04EC0-301F-11D3-BF4B-00C04F79EFBC}") = "AppTarefas.iOS", "AppTarefas\AppTarefas.iOS\AppTarefas.iOS.csproj", "{9440E615-A54B-47FC-AD72-896127B5EE19}"
EndProject
Project("{9A19103F-16F7-4668-BE54-9A1E7A4F7556}") = "AppTarefas", "AppTarefas\AppTarefas\AppTarefas.csproj", "{97BDEBBD-0FFF-4E57-9B5A-2364CBA8911D}"
EndProject
Project("{2150E333-8FDC-42A3-9474-1A3956D46DE8}") = "Migration", "Migration", "{9A9824DE-1925-4AA7-B497-D9A382262946}"
EndProject
Project("{FAE04EC0-301F-11D3-BF4B-00C04F79EFBC}") = "AppTarefa.Migration", "AppTarefa.Migration\AppTarefa.Migration.csproj", "{95F9E46E-D664-4CA6-AEB9-F3F4F0E0D72D}"
EndProject
Global
	GlobalSection(SolutionConfigurationPlatforms) = preSolution
		Debug|Any CPU = Debug|Any CPU
		Debug|ARM = Debug|ARM
		Debug|iPhone = Debug|iPhone
		Debug|iPhoneSimulator = Debug|iPhoneSimulator
		Debug|x64 = Debug|x64
		Debug|x86 = Debug|x86
		Release|Any CPU = Release|Any CPU
		Release|ARM = Release|ARM
		Release|iPhone = Release|iPhone
		Release|iPhoneSimulator = Release|iPhoneSimulator
		Release|x64 = Release|x64
		Release|x86 = Release|x86
	EndGlobalSection
	GlobalSection(ProjectConfigurationPlatforms) = postSolution
		{EF013F28-04C7-4512-B63C-11C65793C14C}.Debug|Any CPU.ActiveCfg = Debug|x86
		{EF013F28-04C7-4512-B63C-11C65793C14C}.Debug|Any CPU.Build.0 = Debug|x86
		{EF013F28-04C7-4512-B63C-11C65793C14C}.Debug|Any CPU.Deploy.0 = Debug|x86
		{EF013F28-04C7-4512-B63C-11C65793C14C}.Debug|ARM.ActiveCfg = Debug|ARM
		{EF013F28-04C7-4512-B63C-11C65793C14C}.Debug|ARM.Build.0 = Debug|ARM
		{EF013F28-04C7-4512-B63C-11C65793C14C}.Debug|ARM.Deploy.0 = Debug|ARM
		{EF013F28-04C7-4512-B63C-11C65793C14C}.Debug|iPhone.ActiveCfg = Debug|x86
		{EF013F28-04C7-4512-B63C-11C65793C14C}.Debug|iPhone.Build.0 = Debug|x86
		{EF013F28-04C7-4512-B63C-11C65793C14C}.Debug|iPhone.Deploy.0 = Debug|x86
		{EF013F28-04C7-4512-B63C-11C65793C14C}.Debug|iPhoneSimulator.ActiveCfg = Debug|x86
		{EF013F28-04C7-4512-B63C-11C65793C14C}.Debug|iPhoneSimulator.Build.0 = Debug|x86
		{EF013F28-04C7-4512-B63C-11C65793C14C}.Debug|iPhoneSimulator.Deploy.0 = Debug|x86
		{EF013F28-04C7-4512-B63C-11C65793C14C}.Debug|x64.ActiveCfg = Debug|x64
		{EF013F28-04C7-4512-B63C-11C65793C14C}.Debug|x64.Build.0 = Debug|x64
		{EF013F28-04C7-4512-B63C-11C65793C14C}.Debug|x64.Deploy.0 = Debug|x64
		{EF013F28-04C7-4512-B63C-11C65793C14C}.Debug|x86.ActiveCfg = Debug|x86
		{EF013F28-04C7-4512-B63C-11C65793C14C}.Debug|x86.Build.0 = Debug|x86
		{EF013F28-04C7-4512-B63C-11C65793C14C}.Debug|x86.Deploy.0 = Debug|x86
		{EF013F28-04C7-4512-B63C-11C65793C14C}.Release|Any CPU.ActiveCfg = Release|x86
		{EF013F28-04C7-4512-B63C-11C65793C14C}.Release|Any CPU.Build.0 = Release|x86
		{EF013F28-04C7-4512-B63C-11C65793C14C}.Release|Any CPU.Deploy.0 = Release|x86
		{EF013F28-04C7-4512-B63C-11C65793C14C}.Release|ARM.ActiveCfg = Release|ARM
		{EF013F28-04C7-4512-B63C-11C65793C14C}.Release|ARM.Build.0 = Release|ARM
		{EF013F28-04C7-4512-B63C-11C65793C14C}.Release|ARM.Deploy.0 = Release|ARM
		{EF013F28-04C7-4512-B63C-11C65793C14C}.Release|iPhone.ActiveCfg = Release|x86
		{EF013F28-04C7-4512-B63C-11C65793C14C}.Release|iPhone.Build.0 = Release|x86
		{EF013F28-04C7-4512-B63C-11C65793C14C}.Release|iPhone.Deploy.0 = Release|x86
		{EF013F28-04C7-4512-B63C-11C65793C14C}.Release|iPhoneSimulator.ActiveCfg = Release|x86
		{EF013F28-04C7-4512-B63C-11C65793C14C}.Release|iPhoneSimulator.Build.0 = Release|x86
		{EF013F28-04C7-4512-B63C-11C65793C14C}.Release|iPhoneSimulator.Deploy.0 = Release|x86
		{EF013F28-04C7-4512-B63C-11C65793C14C}.Release|x64.ActiveCfg = Release|x64
		{EF013F28-04C7-4512-B63C-11C65793C14C}.Release|x64.Build.0 = Release|x64
		{EF013F28-04C7-4512-B63C-11C65793C14C}.Release|x64.Deploy.0 = Release|x64
		{EF013F28-04C7-4512-B63C-11C65793C14C}.Release|x86.ActiveCfg = Release|x86
		{EF013F28-04C7-4512-B63C-11C65793C14C}.Release|x86.Build.0 = Release|x86
		{EF013F28-04C7-4512-B63C-11C65793C14C}.Release|x86.Deploy.0 = Release|x86
		{EC5B8A43-35A2-4E87-BFEF-0542E20EE103}.Debug|Any CPU.ActiveCfg = Debug|Any CPU
		{EC5B8A43-35A2-4E87-BFEF-0542E20EE103}.Debug|Any CPU.Build.0 = Debug|Any CPU
		{EC5B8A43-35A2-4E87-BFEF-0542E20EE103}.Debug|Any CPU.Deploy.0 = Debug|Any CPU
		{EC5B8A43-35A2-4E87-BFEF-0542E20EE103}.Debug|ARM.ActiveCfg = Debug|Any CPU
		{EC5B8A43-35A2-4E87-BFEF-0542E20EE103}.Debug|ARM.Build.0 = Debug|Any CPU
		{EC5B8A43-35A2-4E87-BFEF-0542E20EE103}.Debug|ARM.Deploy.0 = Debug|Any CPU
		{EC5B8A43-35A2-4E87-BFEF-0542E20EE103}.Debug|iPhone.ActiveCfg = Debug|Any CPU
		{EC5B8A43-35A2-4E87-BFEF-0542E20EE103}.Debug|iPhone.Build.0 = Debug|Any CPU
		{EC5B8A43-35A2-4E87-BFEF-0542E20EE103}.Debug|iPhone.Deploy.0 = Debug|Any CPU
		{EC5B8A43-35A2-4E87-BFEF-0542E20EE103}.Debug|iPhoneSimulator.ActiveCfg = Debug|Any CPU
		{EC5B8A43-35A2-4E87-BFEF-0542E20EE103}.Debug|iPhoneSimulator.Build.0 = Debug|Any CPU
		{EC5B8A43-35A2-4E87-BFEF-0542E20EE103}.Debug|iPhoneSimulator.Deploy.0 = Debug|Any CPU
		{EC5B8A43-35A2-4E87-BFEF-0542E20EE103}.Debug|x64.ActiveCfg = Debug|Any CPU
		{EC5B8A43-35A2-4E87-BFEF-0542E20EE103}.Debug|x64.Build.0 = Debug|Any CPU
		{EC5B8A43-35A2-4E87-BFEF-0542E20EE103}.Debug|x64.Deploy.0 = Debug|Any CPU
		{EC5B8A43-35A2-4E87-BFEF-0542E20EE103}.Debug|x86.ActiveCfg = Debug|Any CPU
		{EC5B8A43-35A2-4E87-BFEF-0542E20EE103}.Debug|x86.Build.0 = Debug|Any CPU
		{EC5B8A43-35A2-4E87-BFEF-0542E20EE103}.Debug|x86.Deploy.0 = Debug|Any CPU
		{EC5B8A43-35A2-4E87-BFEF-0542E20EE103}.Release|Any CPU.ActiveCfg = Release|Any CPU
		{EC5B8A43-35A2-4E87-BFEF-0542E20EE103}.Release|Any CPU.Build.0 = Release|Any CPU
		{EC5B8A43-35A2-4E87-BFEF-0542E20EE103}.Release|Any CPU.Deploy.0 = Release|Any CPU
		{EC5B8A43-35A2-4E87-BFEF-0542E20EE103}.Release|ARM.ActiveCfg = Release|Any CPU
		{EC5B8A43-35A2-4E87-BFEF-0542E20EE103}.Release|ARM.Build.0 = Release|Any CPU
		{EC5B8A43-35A2-4E87-BFEF-0542E20EE103}.Release|ARM.Deploy.0 = Release|Any CPU
		{EC5B8A43-35A2-4E87-BFEF-0542E20EE103}.Release|iPhone.ActiveCfg = Release|Any CPU
		{EC5B8A43-35A2-4E87-BFEF-0542E20EE103}.Release|iPhone.Build.0 = Release|Any CPU
		{EC5B8A43-35A2-4E87-BFEF-0542E20EE103}.Release|iPhone.Deploy.0 = Release|Any CPU
		{EC5B8A43-35A2-4E87-BFEF-0542E20EE103}.Release|iPhoneSimulator.ActiveCfg = Release|Any CPU
		{EC5B8A43-35A2-4E87-BFEF-0542E20EE103}.Release|iPhoneSimulator.Build.0 = Release|Any CPU
		{EC5B8A43-35A2-4E87-BFEF-0542E20EE103}.Release|iPhoneSimulator.Deploy.0 = Release|Any CPU
		{EC5B8A43-35A2-4E87-BFEF-0542E20EE103}.Release|x64.ActiveCfg = Release|Any CPU
		{EC5B8A43-35A2-4E87-BFEF-0542E20EE103}.Release|x64.Build.0 = Release|Any CPU
		{EC5B8A43-35A2-4E87-BFEF-0542E20EE103}.Release|x64.Deploy.0 = Release|Any CPU
		{EC5B8A43-35A2-4E87-BFEF-0542E20EE103}.Release|x86.ActiveCfg = Release|Any CPU
		{EC5B8A43-35A2-4E87-BFEF-0542E20EE103}.Release|x86.Build.0 = Release|Any CPU
		{EC5B8A43-35A2-4E87-BFEF-0542E20EE103}.Release|x86.Deploy.0 = Release|Any CPU
		{9440E615-A54B-47FC-AD72-896127B5EE19}.Debug|Any CPU.ActiveCfg = Debug|iPhoneSimulator
		{9440E615-A54B-47FC-AD72-896127B5EE19}.Debug|Any CPU.Build.0 = Debug|iPhoneSimulator
		{9440E615-A54B-47FC-AD72-896127B5EE19}.Debug|Any CPU.Deploy.0 = Debug|iPhoneSimulator
		{9440E615-A54B-47FC-AD72-896127B5EE19}.Debug|ARM.ActiveCfg = Debug|iPhone
		{9440E615-A54B-47FC-AD72-896127B5EE19}.Debug|ARM.Build.0 = Debug|iPhone
		{9440E615-A54B-47FC-AD72-896127B5EE19}.Debug|ARM.Deploy.0 = Debug|iPhone
		{9440E615-A54B-47FC-AD72-896127B5EE19}.Debug|iPhone.ActiveCfg = Debug|iPhone
		{9440E615-A54B-47FC-AD72-896127B5EE19}.Debug|iPhone.Build.0 = Debug|iPhone
		{9440E615-A54B-47FC-AD72-896127B5EE19}.Debug|iPhone.Deploy.0 = Debug|iPhone
		{9440E615-A54B-47FC-AD72-896127B5EE19}.Debug|iPhoneSimulator.ActiveCfg = Debug|iPhoneSimulator
		{9440E615-A54B-47FC-AD72-896127B5EE19}.Debug|iPhoneSimulator.Build.0 = Debug|iPhoneSimulator
		{9440E615-A54B-47FC-AD72-896127B5EE19}.Debug|iPhoneSimulator.Deploy.0 = Debug|iPhoneSimulator
		{9440E615-A54B-47FC-AD72-896127B5EE19}.Debug|x64.ActiveCfg = Debug|iPhoneSimulator
		{9440E615-A54B-47FC-AD72-896127B5EE19}.Debug|x64.Build.0 = Debug|iPhoneSimulator
		{9440E615-A54B-47FC-AD72-896127B5EE19}.Debug|x64.Deploy.0 = Debug|iPhoneSimulator
		{9440E615-A54B-47FC-AD72-896127B5EE19}.Debug|x86.ActiveCfg = Debug|iPhoneSimulator
		{9440E615-A54B-47FC-AD72-896127B5EE19}.Debug|x86.Build.0 = Debug|iPhoneSimulator
		{9440E615-A54B-47FC-AD72-896127B5EE19}.Debug|x86.Deploy.0 = Debug|iPhoneSimulator
		{9440E615-A54B-47FC-AD72-896127B5EE19}.Release|Any CPU.ActiveCfg = Release|iPhoneSimulator
		{9440E615-A54B-47FC-AD72-896127B5EE19}.Release|Any CPU.Build.0 = Release|iPhoneSimulator
		{9440E615-A54B-47FC-AD72-896127B5EE19}.Release|Any CPU.Deploy.0 = Release|iPhoneSimulator
		{9440E615-A54B-47FC-AD72-896127B5EE19}.Release|ARM.ActiveCfg = Release|iPhoneSimulator
		{9440E615-A54B-47FC-AD72-896127B5EE19}.Release|ARM.Build.0 = Release|iPhoneSimulator
		{9440E615-A54B-47FC-AD72-896127B5EE19}.Release|ARM.Deploy.0 = Release|iPhoneSimulator
		{9440E615-A54B-47FC-AD72-896127B5EE19}.Release|iPhone.ActiveCfg = Release|iPhone
		{9440E615-A54B-47FC-AD72-896127B5EE19}.Release|iPhone.Build.0 = Release|iPhone
		{9440E615-A54B-47FC-AD72-896127B5EE19}.Release|iPhone.Deploy.0 = Release|iPhone
		{9440E615-A54B-47FC-AD72-896127B5EE19}.Release|iPhoneSimulator.ActiveCfg = Release|iPhoneSimulator
		{9440E615-A54B-47FC-AD72-896127B5EE19}.Release|iPhoneSimulator.Build.0 = Release|iPhoneSimulator
		{9440E615-A54B-47FC-AD72-896127B5EE19}.Release|iPhoneSimulator.Deploy.0 = Release|iPhoneSimulator
		{9440E615-A54B-47FC-AD72-896127B5EE19}.Release|x64.ActiveCfg = Release|iPhoneSimulator
		{9440E615-A54B-47FC-AD72-896127B5EE19}.Release|x64.Build.0 = Release|iPhoneSimulator
		{9440E615-A54B-47FC-AD72-896127B5EE19}.Release|x64.Deploy.0 = Release|iPhoneSimulator
		{9440E615-A54B-47FC-AD72-896127B5EE19}.Release|x86.ActiveCfg = Release|iPhoneSimulator
		{9440E615-A54B-47FC-AD72-896127B5EE19}.Release|x86.Build.0 = Release|iPhoneSimulator
		{9440E615-A54B-47FC-AD72-896127B5EE19}.Release|x86.Deploy.0 = Release|iPhoneSimulator
		{97BDEBBD-0FFF-4E57-9B5A-2364CBA8911D}.Debug|Any CPU.ActiveCfg = Debug|Any CPU
		{97BDEBBD-0FFF-4E57-9B5A-2364CBA8911D}.Debug|Any CPU.Build.0 = Debug|Any CPU
		{97BDEBBD-0FFF-4E57-9B5A-2364CBA8911D}.Debug|Any CPU.Deploy.0 = Debug|Any CPU
		{97BDEBBD-0FFF-4E57-9B5A-2364CBA8911D}.Debug|ARM.ActiveCfg = Debug|Any CPU
		{97BDEBBD-0FFF-4E57-9B5A-2364CBA8911D}.Debug|ARM.Build.0 = Debug|Any CPU
		{97BDEBBD-0FFF-4E57-9B5A-2364CBA8911D}.Debug|ARM.Deploy.0 = Debug|Any CPU
		{97BDEBBD-0FFF-4E57-9B5A-2364CBA8911D}.Debug|iPhone.ActiveCfg = Debug|Any CPU
		{97BDEBBD-0FFF-4E57-9B5A-2364CBA8911D}.Debug|iPhone.Build.0 = Debug|Any CPU
		{97BDEBBD-0FFF-4E57-9B5A-2364CBA8911D}.Debug|iPhone.Deploy.0 = Debug|Any CPU
		{97BDEBBD-0FFF-4E57-9B5A-2364CBA8911D}.Debug|iPhoneSimulator.ActiveCfg = Debug|Any CPU
		{97BDEBBD-0FFF-4E57-9B5A-2364CBA8911D}.Debug|iPhoneSimulator.Build.0 = Debug|Any CPU
		{97BDEBBD-0FFF-4E57-9B5A-2364CBA8911D}.Debug|iPhoneSimulator.Deploy.0 = Debug|Any CPU
		{97BDEBBD-0FFF-4E57-9B5A-2364CBA8911D}.Debug|x64.ActiveCfg = Debug|Any CPU
		{97BDEBBD-0FFF-4E57-9B5A-2364CBA8911D}.Debug|x64.Build.0 = Debug|Any CPU
		{97BDEBBD-0FFF-4E57-9B5A-2364CBA8911D}.Debug|x64.Deploy.0 = Debug|Any CPU
		{97BDEBBD-0FFF-4E57-9B5A-2364CBA8911D}.Debug|x86.ActiveCfg = Debug|Any CPU
		{97BDEBBD-0FFF-4E57-9B5A-2364CBA8911D}.Debug|x86.Build.0 = Debug|Any CPU
		{97BDEBBD-0FFF-4E57-9B5A-2364CBA8911D}.Debug|x86.Deploy.0 = Debug|Any CPU
		{97BDEBBD-0FFF-4E57-9B5A-2364CBA8911D}.Release|Any CPU.ActiveCfg = Release|Any CPU
		{97BDEBBD-0FFF-4E57-9B5A-2364CBA8911D}.Release|Any CPU.Build.0 = Release|Any CPU
		{97BDEBBD-0FFF-4E57-9B5A-2364CBA8911D}.Release|Any CPU.Deploy.0 = Release|Any CPU
		{97BDEBBD-0FFF-4E57-9B5A-2364CBA8911D}.Release|ARM.ActiveCfg = Release|Any CPU
		{97BDEBBD-0FFF-4E57-9B5A-2364CBA8911D}.Release|ARM.Build.0 = Release|Any CPU
		{97BDEBBD-0FFF-4E57-9B5A-2364CBA8911D}.Release|ARM.Deploy.0 = Release|Any CPU
		{97BDEBBD-0FFF-4E57-9B5A-2364CBA8911D}.Release|iPhone.ActiveCfg = Release|Any CPU
		{97BDEBBD-0FFF-4E57-9B5A-2364CBA8911D}.Release|iPhone.Build.0 = Release|Any CPU
		{97BDEBBD-0FFF-4E57-9B5A-2364CBA8911D}.Release|iPhone.Deploy.0 = Release|Any CPU
		{97BDEBBD-0FFF-4E57-9B5A-2364CBA8911D}.Release|iPhoneSimulator.ActiveCfg = Release|Any CPU
		{97BDEBBD-0FFF-4E57-9B5A-2364CBA8911D}.Release|iPhoneSimulator.Build.0 = Release|Any CPU
		{97BDEBBD-0FFF-4E57-9B5A-2364CBA8911D}.Release|iPhoneSimulator.Deploy.0 = Release|Any CPU
		{97BDEBBD-0FFF-4E57-9B5A-2364CBA8911D}.Release|x64.ActiveCfg = Release|Any CPU
		{97BDEBBD-0FFF-4E57-9B5A-2364CBA8911D}.Release|x64.Build.0 = Release|Any CPU
		{97BDEBBD-0FFF-4E57-9B5A-2364CBA8911D}.Release|x64.Deploy.0 = Release|Any CPU
		{97BDEBBD-0FFF-4E57-9B5A-2364CBA8911D}.Release|x86.ActiveCfg = Release|Any CPU
		{97BDEBBD-0FFF-4E57-9B5A-2364CBA8911D}.Release|x86.Build.0 = Release|Any CPU
		{97BDEBBD-0FFF-4E57-9B5A-2364CBA8911D}.Release|x86.Deploy.0 = Release|Any CPU
		{95F9E46E-D664-4CA6-AEB9-F3F4F0E0D72D}.Debug|Any CPU.ActiveCfg = Debug|Any CPU
		{95F9E46E-D664-4CA6-AEB9-F3F4F0E0D72D}.Debug|Any CPU.Build.0 = Debug|Any CPU
		{95F9E46E-D664-4CA6-AEB9-F3F4F0E0D72D}.Debug|ARM.ActiveCfg = Debug|Any CPU
		{95F9E46E-D664-4CA6-AEB9-F3F4F0E0D72D}.Debug|ARM.Build.0 = Debug|Any CPU
		{95F9E46E-D664-4CA6-AEB9-F3F4F0E0D72D}.Debug|iPhone.ActiveCfg = Debug|Any CPU
		{95F9E46E-D664-4CA6-AEB9-F3F4F0E0D72D}.Debug|iPhone.Build.0 = Debug|Any CPU
		{95F9E46E-D664-4CA6-AEB9-F3F4F0E0D72D}.Debug|iPhoneSimulator.ActiveCfg = Debug|Any CPU
		{95F9E46E-D664-4CA6-AEB9-F3F4F0E0D72D}.Debug|iPhoneSimulator.Build.0 = Debug|Any CPU
		{95F9E46E-D664-4CA6-AEB9-F3F4F0E0D72D}.Debug|x64.ActiveCfg = Debug|Any CPU
		{95F9E46E-D664-4CA6-AEB9-F3F4F0E0D72D}.Debug|x64.Build.0 = Debug|Any CPU
		{95F9E46E-D664-4CA6-AEB9-F3F4F0E0D72D}.Debug|x86.ActiveCfg = Debug|Any CPU
		{95F9E46E-D664-4CA6-AEB9-F3F4F0E0D72D}.Debug|x86.Build.0 = Debug|Any CPU
		{95F9E46E-D664-4CA6-AEB9-F3F4F0E0D72D}.Release|Any CPU.ActiveCfg = Release|Any CPU
		{95F9E46E-D664-4CA6-AEB9-F3F4F0E0D72D}.Release|Any CPU.Build.0 = Release|Any CPU
		{95F9E46E-D664-4CA6-AEB9-F3F4F0E0D72D}.Release|ARM.ActiveCfg = Release|Any CPU
		{95F9E46E-D664-4CA6-AEB9-F3F4F0E0D72D}.Release|ARM.Build.0 = Release|Any CPU
		{95F9E46E-D664-4CA6-AEB9-F3F4F0E0D72D}.Release|iPhone.ActiveCfg = Release|Any CPU
		{95F9E46E-D664-4CA6-AEB9-F3F4F0E0D72D}.Release|iPhone.Build.0 = Release|Any CPU
		{95F9E46E-D664-4CA6-AEB9-F3F4F0E0D72D}.Release|iPhoneSimulator.ActiveCfg = Release|Any CPU
		{95F9E46E-D664-4CA6-AEB9-F3F4F0E0D72D}.Release|iPhoneSimulator.Build.0 = Release|Any CPU
		{95F9E46E-D664-4CA6-AEB9-F3F4F0E0D72D}.Release|x64.ActiveCfg = Release|Any CPU
		{95F9E46E-D664-4CA6-AEB9-F3F4F0E0D72D}.Release|x64.Build.0 = Release|Any CPU
		{95F9E46E-D664-4CA6-AEB9-F3F4F0E0D72D}.Release|x86.ActiveCfg = Release|Any CPU
		{95F9E46E-D664-4CA6-AEB9-F3F4F0E0D72D}.Release|x86.Build.0 = Release|Any CPU
	EndGlobalSection
	GlobalSection(SolutionProperties) = preSolution
		HideSolutionNode = FALSE
	EndGlobalSection
	GlobalSection(NestedProjects) = preSolution
		{95F9E46E-D664-4CA6-AEB9-F3F4F0E0D72D} = {9A9824DE-1925-4AA7-B497-D9A382262946}
	EndGlobalSection
	GlobalSection(ExtensibilityGlobals) = postSolution
		SolutionGuid = {2947C02D-7802-416F-9E59-9E595D029FB8}
	EndGlobalSection
EndGlobal
